schema: '2.0'
stages:
  download:
    cmd: uv run python -m src.training.download_data
    params:
      conf/data/titanic.yaml:
        dataset_name: titanic
    outs:
    - path: data/raw/gender_submission.csv
      hash: md5
      md5: 30d1073b964a5d815431ec603a0de353
      size: 3258
      isexec: true
    - path: data/raw/test.csv
      hash: md5
      md5: 7533b82eae4b582610cbd68aa636b017
      size: 28629
      isexec: true
    - path: data/raw/train.csv
      hash: md5
      md5: 2309cc5f04782ed9bb6016d9f4e381cf
      size: 61194
      isexec: true
  process:
    cmd: uv run python -m src.training.process_data
    deps:
    - path: data/raw/train.csv
      hash: md5
      md5: 2309cc5f04782ed9bb6016d9f4e381cf
      size: 61194
      isexec: true
    params:
      conf/data/titanic.yaml:
        file_name: train
        id_col: PassengerId
        random_state: 42
        target_col: Survived
        test_size: 0.15
    outs:
    - path: data/processed/train-test.parquet
      hash: md5
      md5: 69ebe12def26a8c04bd8b91c23e2cb9c
      size: 13640
    - path: data/processed/train-train.parquet
      hash: md5
      md5: b5d1227bae4dc08ba587dc27689a1e2a
      size: 36957
  train_lr:
    cmd: uv run python -m src.training.train model=lr
    deps:
    - path: data/processed/train-test.parquet
      hash: md5
      md5: 69ebe12def26a8c04bd8b91c23e2cb9c
      size: 13640
    - path: data/processed/train-train.parquet
      hash: md5
      md5: b5d1227bae4dc08ba587dc27689a1e2a
      size: 36957
    params:
      conf/data/titanic.yaml:
        target_col: Survived
      conf/model/lr.yaml:
        name: lr
        save_dir: lr
      conf/tuning/hyperopt.yaml:
        max_evals: 10
        n_folds: 5
        scoring: accuracy
    outs:
    - path: models/lr/final_model.pkl
      hash: md5
      md5: aff323da8be367c211a5d9ce0c3191c5
      size: 80677
    - path: models/lr/model_target_translator.pkl
      hash: md5
      md5: 67f8259bfaa642dedda9e0caeb956015
      size: 179
  train_xgb:
    cmd: uv run python -m src.training.train model=xgb
    deps:
    - path: data/processed/train-test.parquet
      hash: md5
      md5: 69ebe12def26a8c04bd8b91c23e2cb9c
      size: 13640
    - path: data/processed/train-train.parquet
      hash: md5
      md5: b5d1227bae4dc08ba587dc27689a1e2a
      size: 36957
    params:
      conf/data/titanic.yaml:
        target_col: Survived
      conf/model/xgb.yaml:
        name: xgb
        save_dir: xgb
      conf/tuning/hyperopt.yaml:
        max_evals: 10
        n_folds: 5
        scoring: accuracy
    outs:
    - path: models/xgb/final_model.pkl
      hash: md5
      md5: ec93fc84fba7f1381e4249419109b1a3
      size: 1069591
    - path: models/xgb/model_target_translator.pkl
      hash: md5
      md5: 67f8259bfaa642dedda9e0caeb956015
      size: 179
  train_rf:
    cmd: uv run python -m src.training.train model=rf
    deps:
    - path: data/processed/train-test.parquet
      hash: md5
      md5: 69ebe12def26a8c04bd8b91c23e2cb9c
      size: 13640
    - path: data/processed/train-train.parquet
      hash: md5
      md5: b5d1227bae4dc08ba587dc27689a1e2a
      size: 36957
    params:
      conf/data/titanic.yaml:
        target_col: Survived
      conf/model/rf.yaml:
        name: rf
        save_dir: rf
      conf/tuning/hyperopt.yaml:
        max_evals: 10
        n_folds: 5
        scoring: accuracy
    outs:
    - path: models/rf/final_model.pkl
      hash: md5
      md5: 6c8f09bdf21f07503bb89a0e0186acd1
      size: 2502324
    - path: models/rf/model_target_translator.pkl
      hash: md5
      md5: 67f8259bfaa642dedda9e0caeb956015
      size: 179
  evaluate_lr:
    cmd: uv run python -m src.training.evaluate model=lr
    deps:
    - path: data/processed/train-test.parquet
      hash: md5
      md5: 69ebe12def26a8c04bd8b91c23e2cb9c
      size: 13640
    - path: models/lr/final_model.pkl
      hash: md5
      md5: aff323da8be367c211a5d9ce0c3191c5
      size: 80677
    - path: models/lr/model_target_translator.pkl
      hash: md5
      md5: 67f8259bfaa642dedda9e0caeb956015
      size: 179
    params:
      conf/data/titanic.yaml:
        target_col: Survived
      conf/model/lr.yaml:
        name: lr
        save_dir: lr
    outs:
    - path: reports/lr/evaluation_report.json
      hash: md5
      md5: 06e25258bb1f2ef63e32a1a53805d56e
      size: 610
  evaluate_xgb:
    cmd: uv run python -m src.training.evaluate model=xgb
    deps:
    - path: data/processed/train-test.parquet
      hash: md5
      md5: 69ebe12def26a8c04bd8b91c23e2cb9c
      size: 13640
    - path: models/xgb/final_model.pkl
      hash: md5
      md5: ec93fc84fba7f1381e4249419109b1a3
      size: 1069591
    - path: models/xgb/model_target_translator.pkl
      hash: md5
      md5: 67f8259bfaa642dedda9e0caeb956015
      size: 179
    params:
      conf/data/titanic.yaml:
        target_col: Survived
      conf/model/xgb.yaml:
        name: xgb
        save_dir: xgb
    outs:
    - path: reports/xgb/evaluation_report.json
      hash: md5
      md5: 7585e770d1809c34665707d4ae3e6d24
      size: 617
  evaluate_rf:
    cmd: uv run python -m src.training.evaluate model=rf
    deps:
    - path: data/processed/train-test.parquet
      hash: md5
      md5: 69ebe12def26a8c04bd8b91c23e2cb9c
      size: 13640
    - path: models/rf/final_model.pkl
      hash: md5
      md5: 6c8f09bdf21f07503bb89a0e0186acd1
      size: 2502324
    - path: models/rf/model_target_translator.pkl
      hash: md5
      md5: 67f8259bfaa642dedda9e0caeb956015
      size: 179
    params:
      conf/data/titanic.yaml:
        target_col: Survived
      conf/model/rf.yaml:
        name: rf
        save_dir: rf
    outs:
    - path: reports/rf/evaluation_report.json
      hash: md5
      md5: 72d9d2e47b0b427eb778e186c3ca1f41
      size: 624
  register:
    cmd: uv run python -m src.training.register
    deps:
    - path: models/lr/final_model.pkl
      hash: md5
      md5: aff323da8be367c211a5d9ce0c3191c5
      size: 80677
    - path: models/rf/final_model.pkl
      hash: md5
      md5: 6c8f09bdf21f07503bb89a0e0186acd1
      size: 2502324
    - path: models/xgb/final_model.pkl
      hash: md5
      md5: ec93fc84fba7f1381e4249419109b1a3
      size: 1069591
    - path: reports/lr/evaluation_report.json
      hash: md5
      md5: 06e25258bb1f2ef63e32a1a53805d56e
      size: 610
    - path: reports/rf/evaluation_report.json
      hash: md5
      md5: 72d9d2e47b0b427eb778e186c3ca1f41
      size: 624
    - path: reports/xgb/evaluation_report.json
      hash: md5
      md5: 7585e770d1809c34665707d4ae3e6d24
      size: 617
